# This file is autogenerated, do not edit; changes may be undone by the next 'dep ensure'.


[[projects]]
  name = "github.com/PuerkitoBio/goquery"
  packages = ["."]
  revision = "a86ea073017a6beddef78c8659e7224e8ca634b0"
  version = "v1.4.0"

[[projects]]
  name = "github.com/andybalholm/cascadia"
  packages = ["."]
  revision = "901648c87902174f774fac311d7f176f8647bdaa"
  version = "v1.0.0"

[[projects]]
  branch = "v2"
  name = "github.com/coreos/go-oidc"
  packages = ["."]
  revision = "1180514eaf4d9f38d0d19eef639a1d695e066e72"

[[projects]]
  name = "github.com/golang/protobuf"
  packages = ["proto"]
  revision = "925541529c1fa6821df4e44ce2723319eb2be768"
  version = "v1.0.0"

[[projects]]
  name = "github.com/headzoo/surf"
  packages = [
    "agent",
    "browser",
    "errors",
    "jar",
    "util"
  ]
  revision = "60198774ccce43e1d26c80e961497b7d262460b3"
  version = "v1.0.0"

[[projects]]
  name = "github.com/inconshreveable/mousetrap"
  packages = ["."]
  revision = "76626ae9c91c4f2a10f34cad8ce83ea42c93bb75"
  version = "v1.0"

[[projects]]
  branch = "master"
  name = "github.com/pquerna/cachecontrol"
  packages = [
    ".",
    "cacheobject"
  ]
  revision = "525d0eb5f91d30e3b1548de401b7ef9ea6898520"

[[projects]]
  name = "github.com/rs/zerolog"
  packages = [
    ".",
    "internal/cbor",
    "internal/json"
  ]
  revision = "05eafee0eb17d0150591a8f30f0fa592cc9b7471"
  version = "v1.6.0"

[[projects]]
  name = "github.com/spf13/cobra"
  packages = ["."]
  revision = "a1f051bc3eba734da4772d60e2d677f47cf93ef4"
  version = "v0.0.2"

[[projects]]
  name = "github.com/spf13/pflag"
  packages = ["."]
  revision = "583c0c0531f06d5278b7d917446061adc344b5cd"
  version = "v1.0.1"

[[projects]]
  branch = "master"
  name = "golang.org/x/crypto"
  packages = [
    "ed25519",
    "ed25519/internal/edwards25519"
  ]
  revision = "d6449816ce06963d9d136eee5a56fca5b0616e7e"

[[projects]]
  branch = "master"
  name = "golang.org/x/net"
  packages = [
    "context",
    "context/ctxhttp",
    "html",
    "html/atom"
  ]
  revision = "d41e8174641f662c5a2d1c7a5f9e828788eb8706"

[[projects]]
  branch = "master"
  name = "golang.org/x/oauth2"
  packages = [
    ".",
    "internal"
  ]
  revision = "6881fee410a5daf86371371f9ad451b95e168b71"

[[projects]]
  name = "google.golang.org/appengine"
  packages = [
    "internal",
    "internal/base",
    "internal/datastore",
    "internal/log",
    "internal/remote_api",
    "internal/urlfetch",
    "urlfetch"
  ]
  revision = "150dc57a1b433e64154302bdc40b6bb8aefa313a"
  version = "v1.0.0"

[[projects]]
  name = "gopkg.in/headzoo/surf.v1"
  packages = ["."]
  revision = "60198774ccce43e1d26c80e961497b7d262460b3"
  version = "v1.0.0"

[[projects]]
  name = "gopkg.in/square/go-jose.v2"
  packages = [
    ".",
    "cipher",
    "json"
  ]
  revision = "76dd09796242edb5b897103a75df2645c028c960"
  version = "v2.1.6"

[solve-meta]
  analyzer-name = "dep"
  analyzer-version = 1
  inputs-digest = "8493b77af8ac80a6b2e26f45f4dd2e2b4add95556c403a829388b1734231d45c"
  solver-name = "gps-cdcl"
  solver-version = 1
